
Microsoft Visual Studio Solution File, Format Version 12.00
# Visual Studio 2013
VisualStudioVersion = 12.0.31101.0
MinimumVisualStudioVersion = 10.0.40219.1
Project("{2150E333-8FDC-42A3-9474-1A3956D46DE8}") = "01_SourceCode", "01_SourceCode", "{2A29D0D9-2712-465A-8D93-8775F81DAA54}"
EndProject
Project("{FAE04EC0-301F-11D3-BF4B-00C04F79EFBC}") = "Framework.Tool", "01_SourceCode\Framework.Tool\Framework.Tool.csproj", "{31E1B313-CCB8-4D04-872C-B52BAC5FD08A}"
EndProject
Project("{2150E333-8FDC-42A3-9474-1A3956D46DE8}") = "02_UnitTest", "02_UnitTest", "{3142D8AA-8116-47EA-A9AB-13FA75502115}"
EndProject
Project("{FAE04EC0-301F-11D3-BF4B-00C04F79EFBC}") = "Framework.ToolTests", "02_UnitTest\Framework.ToolTests\Framework.ToolTests.csproj", "{99F0629A-1803-4C36-A18A-878FD047AE71}"
EndProject
Global
	GlobalSection(SolutionConfigurationPlatforms) = preSolution
		Debug|Any CPU = Debug|Any CPU
		Release|Any CPU = Release|Any CPU
	EndGlobalSection
	GlobalSection(ProjectConfigurationPlatforms) = postSolution
		{31E1B313-CCB8-4D04-872C-B52BAC5FD08A}.Debug|Any CPU.ActiveCfg = Debug|Any CPU
		{31E1B313-CCB8-4D04-872C-B52BAC5FD08A}.Debug|Any CPU.Build.0 = Debug|Any CPU
		{31E1B313-CCB8-4D04-872C-B52BAC5FD08A}.Release|Any CPU.ActiveCfg = Release|Any CPU
		{31E1B313-CCB8-4D04-872C-B52BAC5FD08A}.Release|Any CPU.Build.0 = Release|Any CPU
		{99F0629A-1803-4C36-A18A-878FD047AE71}.Debug|Any CPU.ActiveCfg = Debug|Any CPU
		{99F0629A-1803-4C36-A18A-878FD047AE71}.Debug|Any CPU.Build.0 = Debug|Any CPU
		{99F0629A-1803-4C36-A18A-878FD047AE71}.Release|Any CPU.ActiveCfg = Release|Any CPU
		{99F0629A-1803-4C36-A18A-878FD047AE71}.Release|Any CPU.Build.0 = Release|Any CPU
	EndGlobalSection
	GlobalSection(SolutionProperties) = preSolution
		HideSolutionNode = FALSE
	EndGlobalSection
	GlobalSection(NestedProjects) = preSolution
		{31E1B313-CCB8-4D04-872C-B52BAC5FD08A} = {2A29D0D9-2712-465A-8D93-8775F81DAA54}
		{99F0629A-1803-4C36-A18A-878FD047AE71} = {3142D8AA-8116-47EA-A9AB-13FA75502115}
	EndGlobalSection
EndGlobal
